
Microsoft Visual Studio Solution File, Format Version 12.00
Project("{FAE04EC0-301F-11D3-BF4B-00C04F79EFBC}") = "homework7", "homework7\homework7.csproj", "{9F6B7251-E93F-4274-A0EB-16C983E18230}"
EndProject
Global
	GlobalSection(SolutionConfigurationPlatforms) = preSolution
		Debug|Any CPU = Debug|Any CPU
		Release|Any CPU = Release|Any CPU
	EndGlobalSection
	GlobalSection(ProjectConfigurationPlatforms) = postSolution
		{9F6B7251-E93F-4274-A0EB-16C983E18230}.Debug|Any CPU.ActiveCfg = Debug|Any CPU
		{9F6B7251-E93F-4274-A0EB-16C983E18230}.Debug|Any CPU.Build.0 = Debug|Any CPU
		{9F6B7251-E93F-4274-A0EB-16C983E18230}.Release|Any CPU.ActiveCfg = Release|Any CPU
		{9F6B7251-E93F-4274-A0EB-16C983E18230}.Release|Any CPU.Build.0 = Release|Any CPU
	EndGlobalSection
EndGlobal
